
Microsoft Visual Studio Solution File, Format Version 12.00
# Visual Studio Version 16
VisualStudioVersion = 16.0.31205.134
MinimumVisualStudioVersion = 10.0.40219.1
Project("{FAE04EC0-301F-11D3-BF4B-00C04F79EFBC}") = "dm8", "dm8\dm8.csproj", "{AC2C09FE-57C7-4E44-AF76-A20BE6180D7A}"
EndProject
Global
	GlobalSection(SolutionConfigurationPlatforms) = preSolution
		Debug|Any CPU = Debug|Any CPU
		Release|Any CPU = Release|Any CPU
	EndGlobalSection
	GlobalSection(ProjectConfigurationPlatforms) = postSolution
		{AC2C09FE-57C7-4E44-AF76-A20BE6180D7A}.Debug|Any CPU.ActiveCfg = Debug|Any CPU
		{AC2C09FE-57C7-4E44-AF76-A20BE6180D7A}.Debug|Any CPU.Build.0 = Debug|Any CPU
		{AC2C09FE-57C7-4E44-AF76-A20BE6180D7A}.Release|Any CPU.ActiveCfg = Release|Any CPU
		{AC2C09FE-57C7-4E44-AF76-A20BE6180D7A}.Release|Any CPU.Build.0 = Release|Any CPU
	EndGlobalSection
	GlobalSection(SolutionProperties) = preSolution
		HideSolutionNode = FALSE
	EndGlobalSection
	GlobalSection(ExtensibilityGlobals) = postSolution
		SolutionGuid = {F2D2F257-A334-4F24-B89B-0CDB44F07F54}
	EndGlobalSection
EndGlobal
